
Microsoft Visual Studio Solution File, Format Version 12.00
# Visual Studio 14
VisualStudioVersion = 14.0.25123.0
MinimumVisualStudioVersion = 10.0.40219.1
Project("{FAE04EC0-301F-11D3-BF4B-00C04F79EFBC}") = "NServiceBus.SequenceGate", "NServiceBus.SequenceGate\NServiceBus.SequenceGate.csproj", "{6BAF41B0-485E-4BEB-9B26-D1571606217C}"
EndProject
Project("{FAE04EC0-301F-11D3-BF4B-00C04F79EFBC}") = "NServiceBus.SequenceGate.Tests.Unit", "NServiceBus.SequenceGate.Tests.Unit\NServiceBus.SequenceGate.Tests.Unit.csproj", "{5D608E41-CF2D-43E1-97DD-8BE662018381}"
EndProject
Project("{FAE04EC0-301F-11D3-BF4B-00C04F79EFBC}") = "NServiceBus.SequenceGate.Tests.Acceptance", "NServiceBus.SequenceGate.Tests.Acceptance\NServiceBus.SequenceGate.Tests.Acceptance.csproj", "{18895E96-9804-4A06-B3FF-93FD7E7678D3}"
EndProject
Global
	GlobalSection(SolutionConfigurationPlatforms) = preSolution
		Debug|Any CPU = Debug|Any CPU
		Release|Any CPU = Release|Any CPU
	EndGlobalSection
	GlobalSection(ProjectConfigurationPlatforms) = postSolution
		{6BAF41B0-485E-4BEB-9B26-D1571606217C}.Debug|Any CPU.ActiveCfg = Debug|Any CPU
		{6BAF41B0-485E-4BEB-9B26-D1571606217C}.Debug|Any CPU.Build.0 = Debug|Any CPU
		{6BAF41B0-485E-4BEB-9B26-D1571606217C}.Release|Any CPU.ActiveCfg = Release|Any CPU
		{6BAF41B0-485E-4BEB-9B26-D1571606217C}.Release|Any CPU.Build.0 = Release|Any CPU
		{5D608E41-CF2D-43E1-97DD-8BE662018381}.Debug|Any CPU.ActiveCfg = Debug|Any CPU
		{5D608E41-CF2D-43E1-97DD-8BE662018381}.Debug|Any CPU.Build.0 = Debug|Any CPU
		{5D608E41-CF2D-43E1-97DD-8BE662018381}.Release|Any CPU.ActiveCfg = Release|Any CPU
		{5D608E41-CF2D-43E1-97DD-8BE662018381}.Release|Any CPU.Build.0 = Release|Any CPU
		{18895E96-9804-4A06-B3FF-93FD7E7678D3}.Debug|Any CPU.ActiveCfg = Debug|Any CPU
		{18895E96-9804-4A06-B3FF-93FD7E7678D3}.Debug|Any CPU.Build.0 = Debug|Any CPU
		{18895E96-9804-4A06-B3FF-93FD7E7678D3}.Release|Any CPU.ActiveCfg = Release|Any CPU
		{18895E96-9804-4A06-B3FF-93FD7E7678D3}.Release|Any CPU.Build.0 = Release|Any CPU
	EndGlobalSection
	GlobalSection(SolutionProperties) = preSolution
		HideSolutionNode = FALSE
	EndGlobalSection
EndGlobal
